{
	"name": "@haxelib/tink_state",
	"lockfileVersion": 3,
	"requires": true,
	"packages": {
		"": {
			"name": "@haxelib/tink_state",
			"hasInstallScript": true,
			"dependencies": {
				"lix": "^15.10.1"
			}
		},
		"node_modules/lix": {
			"version": "15.12.1",
			"resolved": "https://registry.npmjs.org/lix/-/lix-15.12.1.tgz",
			"integrity": "sha512-8cYNMYttFY6Pl18jGspIQBvhUP7ScjBOaoV025K1oWrRMhNNBep2NsEimBQq0u/Bcq2q3K58LWH1nr50aej6DA==",
			"hasInstallScript": true,
			"bin": {
				"haxe": "bin/haxeshim.js",
				"haxelib": "bin/haxelibshim.js",
				"lix": "bin/lix.js",
				"neko": "bin/nekoshim.js"
			}
		}
	}
}
