{
  "name": "bench",
  "version": "1.0.0",
  "lockfileVersion": 1,
  "requires": true,
  "dependencies": {
    "mobx": {
      "version": "5.15.6",
      "resolved": "https://registry.npmjs.org/mobx/-/mobx-5.15.6.tgz",
      "integrity": "sha512-U5nnx3UNdRkUjntpwzO060VWifGVx/JZeu/aMw4y28dTjDNjoY3vNKs6tFNm7z1qIfcPInsd9L9HIm8H0zTDqg=="
    }
  }
}
